
Microsoft Visual Studio Solution File, Format Version 12.00
# Visual Studio Version 16
VisualStudioVersion = 16.0.33328.57
MinimumVisualStudioVersion = 10.0.40219.1
Project("{FAE04EC0-301F-11D3-BF4B-00C04F79EFBC}") = "MVCAssignment", "MVCAssignment\MVCAssignment.csproj", "{F74595CA-6E0A-4EB4-AD5F-0E1BAD8AA40E}"
EndProject
Project("{FAE04EC0-301F-11D3-BF4B-00C04F79EFBC}") = "Libraries", "Libraries\Libraries.csproj", "{045D4E89-84E2-44B5-8D14-41AEC31408BD}"
EndProject
Global
	GlobalSection(SolutionConfigurationPlatforms) = preSolution
		Debug|Any CPU = Debug|Any CPU
		Release|Any CPU = Release|Any CPU
	EndGlobalSection
	GlobalSection(ProjectConfigurationPlatforms) = postSolution
		{F74595CA-6E0A-4EB4-AD5F-0E1BAD8AA40E}.Debug|Any CPU.ActiveCfg = Debug|Any CPU
		{F74595CA-6E0A-4EB4-AD5F-0E1BAD8AA40E}.Debug|Any CPU.Build.0 = Debug|Any CPU
		{F74595CA-6E0A-4EB4-AD5F-0E1BAD8AA40E}.Release|Any CPU.ActiveCfg = Release|Any CPU
		{F74595CA-6E0A-4EB4-AD5F-0E1BAD8AA40E}.Release|Any CPU.Build.0 = Release|Any CPU
		{045D4E89-84E2-44B5-8D14-41AEC31408BD}.Debug|Any CPU.ActiveCfg = Debug|Any CPU
		{045D4E89-84E2-44B5-8D14-41AEC31408BD}.Debug|Any CPU.Build.0 = Debug|Any CPU
		{045D4E89-84E2-44B5-8D14-41AEC31408BD}.Release|Any CPU.ActiveCfg = Release|Any CPU
		{045D4E89-84E2-44B5-8D14-41AEC31408BD}.Release|Any CPU.Build.0 = Release|Any CPU
	EndGlobalSection
	GlobalSection(SolutionProperties) = preSolution
		HideSolutionNode = FALSE
	EndGlobalSection
	GlobalSection(ExtensibilityGlobals) = postSolution
		SolutionGuid = {D79810D2-891B-43D3-8856-79AAC72B6C0E}
	EndGlobalSection
EndGlobal
